{
  "name": "vscode-esm-test",
  "version": "0.0.1",
  "lockfileVersion": 3,
  "requires": true,
  "packages": {
    "": {
      "name": "vscode-esm-test",
      "version": "0.0.1",
      "license": "LICENSE",
      "dependencies": {
        "@constneo/vc": "^1.99.0"
      },
      "devDependencies": {
        "@types/node": "^22.14.0",
        "@types/vscode": "^1.99.0",
        "typescript": "^5.8.3"
      },
      "engines": {
        "vscode": "^1.99.0"
      }
    },
    "node_modules/@constneo/vc": {
      "version": "1.99.0",
      "resolved": "https://registry.npmjs.org/@constneo/vc/-/vc-1.99.0.tgz",
      "integrity": "sha512-7UH5OZH0RZ9noADOB0f1bR5LHS0IxIe7LtyfugKIuvVRGR5H4eKMr5jZKFA6MjmNoHUpLaHGSeq0yjFrbExcyw==",
      "license": "MIT"
    },
    "node_modules/@types/node": {
      "version": "22.14.0",
      "dev": true,
      "license": "MIT",
      "dependencies": {
        "undici-types": "~6.21.0"
      }
    },
    "node_modules/@types/vscode": {
      "version": "1.99.0",
      "dev": true,
      "license": "MIT"
    },
    "node_modules/typescript": {
      "version": "5.8.3",
      "dev": true,
      "license": "Apache-2.0",
      "bin": {
        "tsc": "bin/tsc",
        "tsserver": "bin/tsserver"
      },
      "engines": {
        "node": ">=14.17"
      }
    },
    "node_modules/undici-types": {
      "version": "6.21.0",
      "dev": true,
      "license": "MIT"
    },
    "vc": {
      "name": "@constneo/vc",
      "version": "1.99.0",
      "extraneous": true,
      "license": "MIT"
    }
  }
}
